Microsoft Visual Studio Solution File, Format Version 12.00
# Visual Studio Version 17
VisualStudioVersion = 17.13.35825.156
MinimumVisualStudioVersion = 10.0.40219.1
Project("{FAE04EC0-301F-11D3-BF4B-00C04F79EFBC}") = "lab3", "lab3\lab3.csproj", "{1DEB3485-CD27-4D7A-B688-EC27295F669D}"
EndProject
Global
	GlobalSection(SolutionConfigurationPlatforms) = preSolution
		Debug|Any CPU = Debug|Any CPU
		Release|Any CPU = Release|Any CPU
	EndGlobalSection
	GlobalSection(ProjectConfigurationPlatforms) = postSolution
		{1DEB3485-CD27-4D7A-B688-EC27295F669D}.Debug|Any CPU.ActiveCfg = Debug|Any CPU
		{1DEB3485-CD27-4D7A-B688-EC27295F669D}.Debug|Any CPU.Build.0 = Debug|Any CPU
		{1DEB3485-CD27-4D7A-B688-EC27295F669D}.Release|Any CPU.ActiveCfg = Release|Any CPU
		{1DEB3485-CD27-4D7A-B688-EC27295F669D}.Release|Any CPU.Build.0 = Release|Any CPU
	EndGlobalSection
	GlobalSection(SolutionProperties) = preSolution
		HideSolutionNode = FALSE
	EndGlobalSection
	GlobalSection(ExtensibilityGlobals) = postSolution
		SolutionGuid = {923FF0A2-0F82-4A39-95C6-7880D23DCBAA}
	EndGlobalSection
EndGlobal
